
Microsoft Visual Studio Solution File, Format Version 12.00
# Visual Studio 15
VisualStudioVersion = 15.0.27703.2035
MinimumVisualStudioVersion = 10.0.40219.1
Project("{FAE04EC0-301F-11D3-BF4B-00C04F79EFBC}") = "testMQ", "testMQ\testMQ.csproj", "{03C5EA74-6E41-4BCE-BF2E-88BEA3D3F775}"
EndProject
Global
	GlobalSection(SolutionConfigurationPlatforms) = preSolution
		Debug|Any CPU = Debug|Any CPU
		Release|Any CPU = Release|Any CPU
	EndGlobalSection
	GlobalSection(ProjectConfigurationPlatforms) = postSolution
		{03C5EA74-6E41-4BCE-BF2E-88BEA3D3F775}.Debug|Any CPU.ActiveCfg = Debug|Any CPU
		{03C5EA74-6E41-4BCE-BF2E-88BEA3D3F775}.Debug|Any CPU.Build.0 = Debug|Any CPU
		{03C5EA74-6E41-4BCE-BF2E-88BEA3D3F775}.Release|Any CPU.ActiveCfg = Release|Any CPU
		{03C5EA74-6E41-4BCE-BF2E-88BEA3D3F775}.Release|Any CPU.Build.0 = Release|Any CPU
	EndGlobalSection
	GlobalSection(SolutionProperties) = preSolution
		HideSolutionNode = FALSE
	EndGlobalSection
	GlobalSection(ExtensibilityGlobals) = postSolution
		SolutionGuid = {F788D4FA-0705-40AE-BBB0-213F8E4A2C4B}
	EndGlobalSection
EndGlobal
